# @generated - this file is auto-generated by `mise lock` https://mise.en.dev/dev-tools/mise-lock.html

[[tools.node]]
version = "18.20.8"
backend = "core:node"

[tools.node."platforms.linux-arm64"]
checksum = "sha256:2e3dfc51154e6fea9fc86a90c4ea8f3ecb8b60acaf7367c4b76691da192571c1"
url = "https://nodejs.org/dist/v18.20.8/node-v18.20.8-linux-arm64.tar.gz"

[tools.node."platforms.linux-arm64-musl"]
checksum = "sha256:ec60a6d2344ef9e1f093991ca1bb6bbe92c61c29d1762c4b99e08f87dbb91e2f"
url = "https://nodejs.org/dist/v18.20.8/node-v18.20.8.tar.gz"
install = "source"

[tools.node."platforms.linux-x64"]
checksum = "sha256:27a9f3f14d5e99ad05a07ed3524ba3ee92f8ff8b6db5ff80b00f9feb5ec8097a"
url = "https://nodejs.org/dist/v18.20.8/node-v18.20.8-linux-x64.tar.gz"

[tools.node."platforms.linux-x64-musl"]
checksum = "sha256:8c0d7bf9c6a5dd1470b8015d04d8428ba8984929e8dc381a3949405b14bbf3e1"
url = "https://unofficial-builds.nodejs.org/download/release/v18.20.8/node-v18.20.8-linux-x64-musl.tar.gz"

[tools.node."platforms.macos-arm64"]
checksum = "sha256:bae4965d29d29bd32f96364eefbe3bca576a03e917ddbb70b9330d75f2cacd76"
url = "https://nodejs.org/dist/v18.20.8/node-v18.20.8-darwin-arm64.tar.gz"

[tools.node."platforms.macos-x64"]
checksum = "sha256:ed2554677188f4afc0d050ecd8bd56effb2572d6518f8da6d40321ede6698509"
url = "https://nodejs.org/dist/v18.20.8/node-v18.20.8-darwin-x64.tar.gz"

[tools.node."platforms.windows-x64"]
checksum = "sha256:1a1e40260a6facba83636e4cd0ba01eb5bd1386896824b36645afba44857384a"
url = "https://nodejs.org/dist/v18.20.8/node-v18.20.8-win-x64.zip"
